
Microsoft Visual Studio Solution File, Format Version 12.00
# Visual Studio Version 16
VisualStudioVersion = 16.0.30114.105
MinimumVisualStudioVersion = 10.0.40219.1
Project("{FAE04EC0-301F-11D3-BF4B-00C04F79EFBC}") = "SyntacticSugar", "SyntacticSugar\SyntacticSugar.csproj", "{F4D1022E-5ECA-463D-B5B6-B02EA55864C7}"
EndProject
Global
	GlobalSection(SolutionConfigurationPlatforms) = preSolution
		Debug|Any CPU = Debug|Any CPU
		Release|Any CPU = Release|Any CPU
	EndGlobalSection
	GlobalSection(ProjectConfigurationPlatforms) = postSolution
		{F4D1022E-5ECA-463D-B5B6-B02EA55864C7}.Debug|Any CPU.ActiveCfg = Debug|Any CPU
		{F4D1022E-5ECA-463D-B5B6-B02EA55864C7}.Debug|Any CPU.Build.0 = Debug|Any CPU
		{F4D1022E-5ECA-463D-B5B6-B02EA55864C7}.Release|Any CPU.ActiveCfg = Release|Any CPU
		{F4D1022E-5ECA-463D-B5B6-B02EA55864C7}.Release|Any CPU.Build.0 = Release|Any CPU
	EndGlobalSection
	GlobalSection(SolutionProperties) = preSolution
		HideSolutionNode = FALSE
	EndGlobalSection
	GlobalSection(ExtensibilityGlobals) = postSolution
		SolutionGuid = {F24E3214-97B2-4456-940F-2F7A48BA503F}
	EndGlobalSection
EndGlobal
